
Microsoft Visual Studio Solution File, Format Version 12.00
# Visual Studio Version 16
VisualStudioVersion = 16.0.30611.23
MinimumVisualStudioVersion = 10.0.40219.1
Project("{FAE04EC0-301F-11D3-BF4B-00C04F79EFBC}") = "CoffeeMakers", "CoffeeMakers.csproj", "{8B469647-A41F-43DC-9475-F956FCC9F108}"
EndProject
Project("{FAE04EC0-301F-11D3-BF4B-00C04F79EFBC}") = "CoffeMakerTest", "..\CoffeMakerTest\CoffeMakerTest.csproj", "{CD4467FD-80DF-4B4F-93B1-B43F317431CB}"
EndProject
Global
	GlobalSection(SolutionConfigurationPlatforms) = preSolution
		Debug|Any CPU = Debug|Any CPU
		Release|Any CPU = Release|Any CPU
	EndGlobalSection
	GlobalSection(ProjectConfigurationPlatforms) = postSolution
		{8B469647-A41F-43DC-9475-F956FCC9F108}.Debug|Any CPU.ActiveCfg = Debug|Any CPU
		{8B469647-A41F-43DC-9475-F956FCC9F108}.Debug|Any CPU.Build.0 = Debug|Any CPU
		{8B469647-A41F-43DC-9475-F956FCC9F108}.Release|Any CPU.ActiveCfg = Release|Any CPU
		{8B469647-A41F-43DC-9475-F956FCC9F108}.Release|Any CPU.Build.0 = Release|Any CPU
		{CD4467FD-80DF-4B4F-93B1-B43F317431CB}.Debug|Any CPU.ActiveCfg = Debug|Any CPU
		{CD4467FD-80DF-4B4F-93B1-B43F317431CB}.Debug|Any CPU.Build.0 = Debug|Any CPU
		{CD4467FD-80DF-4B4F-93B1-B43F317431CB}.Release|Any CPU.ActiveCfg = Release|Any CPU
		{CD4467FD-80DF-4B4F-93B1-B43F317431CB}.Release|Any CPU.Build.0 = Release|Any CPU
	EndGlobalSection
	GlobalSection(SolutionProperties) = preSolution
		HideSolutionNode = FALSE
	EndGlobalSection
	GlobalSection(ExtensibilityGlobals) = postSolution
		SolutionGuid = {9261BC65-DDAF-4B52-B2FA-131CC257B7E5}
	EndGlobalSection
EndGlobal
